// !$*UTF8*$!
{
	archiveVersion = 1;
	classes = {
	};
	objectVersion = 50;
	objects = {

/* Begin PBXBuildFile section */
		2D93ABD9A30FD9BD8F8BF8DF /* Pods_Test_KeychainSwiftX.framework in Frameworks */ = {isa = PBXBuildFile; fileRef = 331D669B4E168A99083C9161 /* Pods_Test_KeychainSwiftX.framework */; };
		84A675A1244BA3C700F5FEB9 /* AppDelegate.swift in Sources */ = {isa = PBXBuildFile; fileRef = 84A675A0244BA3C700F5FEB9 /* AppDelegate.swift */; };
		84A675A3244BA3C700F5FEB9 /* SceneDelegate.swift in Sources */ = {isa = PBXBuildFile; fileRef = 84A675A2244BA3C700F5FEB9 /* SceneDelegate.swift */; };
		84A675A5244BA3C700F5FEB9 /* ViewController.swift in Sources */ = {isa = PBXBuildFile; fileRef = 84A675A4244BA3C700F5FEB9 /* ViewController.swift */; };
		84A675A8244BA3C700F5FEB9 /* Main.storyboard in Resources */ = {isa = PBXBuildFile; fileRef = 84A675A6244BA3C700F5FEB9 /* Main.storyboard */; };
		84A675AA244BA3C800F5FEB9 /* Assets.xcassets in Resources */ = {isa = PBXBuildFile; fileRef = 84A675A9244BA3C800F5FEB9 /* Assets.xcassets */; };
		84A675AD244BA3C800F5FEB9 /* LaunchScreen.storyboard in Resources */ = {isa = PBXBuildFile; fileRef = 84A675AB244BA3C800F5FEB9 /* LaunchScreen.storyboard */; };
/* End PBXBuildFile section */

/* Begin PBXFileReference section */
		331D669B4E168A99083C9161 /* Pods_Test_KeychainSwiftX.framework */ = {isa = PBXFileReference; explicitFileType = wrapper.framework; includeInIndex = 0; path = Pods_Test_KeychainSwiftX.framework; sourceTree = BUILT_PRODUCTS_DIR; };
		7E51912579FF688CAA51B5ED /* Pods-Test KeychainSwiftX.release.xcconfig */ = {isa = PBXFileReference; includeInIndex = 1; lastKnownFileType = text.xcconfig; name = "Pods-Test KeychainSwiftX.release.xcconfig"; path = "Target Support Files/Pods-Test KeychainSwiftX/Pods-Test KeychainSwiftX.release.xcconfig"; sourceTree = "<group>"; };
		84A6759D244BA3C700F5FEB9 /* Test KeychainSwiftX.app */ = {isa = PBXFileReference; explicitFileType = wrapper.application; includeInIndex = 0; path = "Test KeychainSwiftX.app"; sourceTree = BUILT_PRODUCTS_DIR; };
		84A675A0244BA3C700F5FEB9 /* AppDelegate.swift */ = {isa = PBXFileReference; lastKnownFileType = sourcecode.swift; path = AppDelegate.swift; sourceTree = "<group>"; };
		84A675A2244BA3C700F5FEB9 /* SceneDelegate.swift */ = {isa = PBXFileReference; lastKnownFileType = sourcecode.swift; path = SceneDelegate.swift; sourceTree = "<group>"; };
		84A675A4244BA3C700F5FEB9 /* ViewController.swift */ = {isa = PBXFileReference; lastKnownFileType = sourcecode.swift; path = ViewController.swift; sourceTree = "<group>"; };
		84A675A7244BA3C700F5FEB9 /* Base */ = {isa = PBXFileReference; lastKnownFileType = file.storyboard; name = Base; path = Base.lproj/Main.storyboard; sourceTree = "<group>"; };
		84A675A9244BA3C800F5FEB9 /* Assets.xcassets */ = {isa = PBXFileReference; lastKnownFileType = folder.assetcatalog; path = Assets.xcassets; sourceTree = "<group>"; };
		84A675AC244BA3C800F5FEB9 /* Base */ = {isa = PBXFileReference; lastKnownFileType = file.storyboard; name = Base; path = Base.lproj/LaunchScreen.storyboard; sourceTree = "<group>"; };
		84A675AE244BA3C800F5FEB9 /* Info.plist */ = {isa = PBXFileReference; lastKnownFileType = text.plist.xml; path = Info.plist; sourceTree = "<group>"; };
		F728160B7E9A7183891F9443 /* Pods-Test KeychainSwiftX.debug.xcconfig */ = {isa = PBXFileReference; includeInIndex = 1; lastKnownFileType = text.xcconfig; name = "Pods-Test KeychainSwiftX.debug.xcconfig"; path = "Target Support Files/Pods-Test KeychainSwiftX/Pods-Test KeychainSwiftX.debug.xcconfig"; sourceTree = "<group>"; };
/* End PBXFileReference section */

/* Begin PBXFrameworksBuildPhase section */
		84A6759A244BA3C700F5FEB9 /* Frameworks */ = {
			isa = PBXFrameworksBuildPhase;
			buildActionMask = 2147483647;
			files = (
				2D93ABD9A30FD9BD8F8BF8DF /* Pods_Test_KeychainSwiftX.framework in Frameworks */,
			);
			runOnlyForDeploymentPostprocessing = 0;
		};
/* End PBXFrameworksBuildPhase section */

/* Begin PBXGroup section */
		6B9BA6D026C93D4FAC0CC415 /* Frameworks */ = {
			isa = PBXGroup;
			children = (
				331D669B4E168A99083C9161 /* Pods_Test_KeychainSwiftX.framework */,
			);
			name = Frameworks;
			sourceTree = "<group>";
		};
		84A67594244BA3C700F5FEB9 = {
			isa = PBXGroup;
			children = (
				84A6759F244BA3C700F5FEB9 /* Test KeychainSwiftX */,
				84A6759E244BA3C700F5FEB9 /* Products */,
				F745BA19AC5C9414A7F72D78 /* Pods */,
				6B9BA6D026C93D4FAC0CC415 /* Frameworks */,
			);
			sourceTree = "<group>";
		};
		84A6759E244BA3C700F5FEB9 /* Products */ = {
			isa = PBXGroup;
			children = (
				84A6759D244BA3C700F5FEB9 /* Test KeychainSwiftX.app */,
			);
			name = Products;
			sourceTree = "<group>";
		};
		84A6759F244BA3C700F5FEB9 /* Test KeychainSwiftX */ = {
			isa = PBXGroup;
			children = (
				84A675A0244BA3C700F5FEB9 /* AppDelegate.swift */,
				84A675A2244BA3C700F5FEB9 /* SceneDelegate.swift */,
				84A675A4244BA3C700F5FEB9 /* ViewController.swift */,
				84A675A6244BA3C700F5FEB9 /* Main.storyboard */,
				84A675A9244BA3C800F5FEB9 /* Assets.xcassets */,
				84A675AB244BA3C800F5FEB9 /* LaunchScreen.storyboard */,
				84A675AE244BA3C800F5FEB9 /* Info.plist */,
			);
			path = "Test KeychainSwiftX";
			sourceTree = "<group>";
		};
		F745BA19AC5C9414A7F72D78 /* Pods */ = {
			isa = PBXGroup;
			children = (
				F728160B7E9A7183891F9443 /* Pods-Test KeychainSwiftX.debug.xcconfig */,
				7E51912579FF688CAA51B5ED /* Pods-Test KeychainSwiftX.release.xcconfig */,
			);
			name = Pods;
			path = Pods;
			sourceTree = "<group>";
		};
/* End PBXGroup section */

/* Begin PBXNativeTarget section */
		84A6759C244BA3C700F5FEB9 /* Test KeychainSwiftX */ = {
			isa = PBXNativeTarget;
			buildConfigurationList = 84A675B1244BA3C800F5FEB9 /* Build configuration list for PBXNativeTarget "Test KeychainSwiftX" */;
			buildPhases = (
				8866832D8F234D04D0B5BA01 /* [CP] Check Pods Manifest.lock */,
				84A67599244BA3C700F5FEB9 /* Sources */,
				84A6759A244BA3C700F5FEB9 /* Frameworks */,
				84A6759B244BA3C700F5FEB9 /* Resources */,
				0E30D9DFFEB69F5C4E152322 /* [CP] Embed Pods Frameworks */,
			);
			buildRules = (
			);
			dependencies = (
			);
			name = "Test KeychainSwiftX";
			productName = "Test KeychainSwiftX";
			productReference = 84A6759D244BA3C700F5FEB9 /* Test KeychainSwiftX.app */;
			productType = "com.apple.product-type.application";
		};
/* End PBXNativeTarget section */

/* Begin PBXProject section */
		84A67595244BA3C700F5FEB9 /* Project object */ = {
			isa = PBXProject;
			attributes = {
				LastSwiftUpdateCheck = 1120;
				LastUpgradeCheck = 1120;
				ORGANIZATIONNAME = AmrFawaz;
				TargetAttributes = {
					84A6759C244BA3C700F5FEB9 = {
						CreatedOnToolsVersion = 11.2.1;
					};
				};
			};
			buildConfigurationList = 84A67598244BA3C700F5FEB9 /* Build configuration list for PBXProject "Test KeychainSwiftX" */;
			compatibilityVersion = "Xcode 9.3";
			developmentRegion = en;
			hasScannedForEncodings = 0;
			knownRegions = (
				en,
				Base,
			);
			mainGroup = 84A67594244BA3C700F5FEB9;
			productRefGroup = 84A6759E244BA3C700F5FEB9 /* Products */;
			projectDirPath = "";
			projectRoot = "";
			targets = (
				84A6759C244BA3C700F5FEB9 /* Test KeychainSwiftX */,
			);
		};
/* End PBXProject section */

/* Begin PBXResourcesBuildPhase section */
		84A6759B244BA3C700F5FEB9 /* Resources */ = {
			isa = PBXResourcesBuildPhase;
			buildActionMask = 2147483647;
			files = (
				84A675AD244BA3C800F5FEB9 /* LaunchScreen.storyboard in Resources */,
				84A675AA244BA3C800F5FEB9 /* Assets.xcassets in Resources */,
				84A675A8244BA3C700F5FEB9 /* Main.storyboard in Resources */,
			);
			runOnlyForDeploymentPostprocessing = 0;
		};
/* End PBXResourcesBuildPhase section */

/* Begin PBXShellScriptBuildPhase section */
		0E30D9DFFEB69F5C4E152322 /* [CP] Embed Pods Frameworks */ = {
			isa = PBXShellScriptBuildPhase;
			buildActionMask = 2147483647;
			files = (
			);
			inputFileListPaths = (
				"${PODS_ROOT}/Target Support Files/Pods-Test KeychainSwiftX/Pods-Test KeychainSwiftX-frameworks-${CONFIGURATION}-input-files.xcfilelist",
			);
			name = "[CP] Embed Pods Frameworks";
			outputFileListPaths = (
				"${PODS_ROOT}/Target Support Files/Pods-Test KeychainSwiftX/Pods-Test KeychainSwiftX-frameworks-${CONFIGURATION}-output-files.xcfilelist",
			);
			runOnlyForDeploymentPostprocessing = 0;
			shellPath = /bin/sh;
			shellScript = "\"${PODS_ROOT}/Target Support Files/Pods-Test KeychainSwiftX/Pods-Test KeychainSwiftX-frameworks.sh\"\n";
			showEnvVarsInLog = 0;
		};
		8866832D8F234D04D0B5BA01 /* [CP] Check Pods Manifest.lock */ = {
			isa = PBXShellScriptBuildPhase;
			buildActionMask = 2147483647;
			files = (
			);
			inputFileListPaths = (
			);
			inputPaths = (
				"${PODS_PODFILE_DIR_PATH}/Podfile.lock",
				"${PODS_ROOT}/Manifest.lock",
			);
			name = "[CP] Check Pods Manifest.lock";
			outputFileListPaths = (
			);
			outputPaths = (
				"$(DERIVED_FILE_DIR)/Pods-Test KeychainSwiftX-checkManifestLockResult.txt",
			);
			runOnlyForDeploymentPostprocessing = 0;
			shellPath = /bin/sh;
			shellScript = "diff \"${PODS_PODFILE_DIR_PATH}/Podfile.lock\" \"${PODS_ROOT}/Manifest.lock\" > /dev/null\nif [ $? != 0 ] ; then\n    # print error to STDERR\n    echo \"error: The sandbox is not in sync with the Podfile.lock. Run 'pod install' or update your CocoaPods installation.\" >&2\n    exit 1\nfi\n# This output is used by Xcode 'outputs' to avoid re-running this script phase.\necho \"SUCCESS\" > \"${SCRIPT_OUTPUT_FILE_0}\"\n";
			showEnvVarsInLog = 0;
		};
/* End PBXShellScriptBuildPhase section */

/* Begin PBXSourcesBuildPhase section */
		84A67599244BA3C700F5FEB9 /* Sources */ = {
			isa = PBXSourcesBuildPhase;
			buildActionMask = 2147483647;
			files = (
				84A675A5244BA3C700F5FEB9 /* ViewController.swift in Sources */,
				84A675A1244BA3C700F5FEB9 /* AppDelegate.swift in Sources */,
				84A675A3244BA3C700F5FEB9 /* SceneDelegate.swift in Sources */,
			);
			runOnlyForDeploymentPostprocessing = 0;
		};
/* End PBXSourcesBuildPhase section */

/* Begin PBXVariantGroup section */
		84A675A6244BA3C700F5FEB9 /* Main.storyboard */ = {
			isa = PBXVariantGroup;
			children = (
				84A675A7244BA3C700F5FEB9 /* Base */,
			);
			name = Main.storyboard;
			sourceTree = "<group>";
		};
		84A675AB244BA3C800F5FEB9 /* LaunchScreen.storyboard */ = {
			isa = PBXVariantGroup;
			children = (
				84A675AC244BA3C800F5FEB9 /* Base */,
			);
			name = LaunchScreen.storyboard;
			sourceTree = "<group>";
		};
/* End PBXVariantGroup section */

/* Begin XCBuildConfiguration section */
		84A675AF244BA3C800F5FEB9 /* Debug */ = {
			isa = XCBuildConfiguration;
			buildSettings = {
				ALWAYS_SEARCH_USER_PATHS = NO;
				CLANG_ANALYZER_NONNULL = YES;
				CLANG_ANALYZER_NUMBER_OBJECT_CONVERSION = YES_AGGRESSIVE;
				CLANG_CXX_LANGUAGE_STANDARD = "gnu++14";
				CLANG_CXX_LIBRARY = "libc++";
				CLANG_ENABLE_MODULES = YES;
				CLANG_ENABLE_OBJC_ARC = YES;
				CLANG_ENABLE_OBJC_WEAK = YES;
				CLANG_WARN_BLOCK_CAPTURE_AUTORELEASING = YES;
				CLANG_WARN_BOOL_CONVERSION = YES;
				CLANG_WARN_COMMA = YES;
				CLANG_WARN_CONSTANT_CONVERSION = YES;
				CLANG_WARN_DEPRECATED_OBJC_IMPLEMENTATIONS = YES;
				CLANG_WARN_DIRECT_OBJC_ISA_USAGE = YES_ERROR;
				CLANG_WARN_DOCUMENTATION_COMMENTS = YES;
				CLANG_WARN_EMPTY_BODY = YES;
				CLANG_WARN_ENUM_CONVERSION = YES;
				CLANG_WARN_INFINITE_RECURSION = YES;
				CLANG_WARN_INT_CONVERSION = YES;
				CLANG_WARN_NON_LITERAL_NULL_CONVERSION = YES;
				CLANG_WARN_OBJC_IMPLICIT_RETAIN_SELF = YES;
				CLANG_WARN_OBJC_LITERAL_CONVERSION = YES;
				CLANG_WARN_OBJC_ROOT_CLASS = YES_ERROR;
				CLANG_WARN_RANGE_LOOP_ANALYSIS = YES;
				CLANG_WARN_STRICT_PROTOTYPES = YES;
				CLANG_WARN_SUSPICIOUS_MOVE = YES;
				CLANG_WARN_UNGUARDED_AVAILABILITY = YES_AGGRESSIVE;
				CLANG_WARN_UNREACHABLE_CODE = YES;
				CLANG_WARN__DUPLICATE_METHOD_MATCH = YES;
				COPY_PHASE_STRIP = NO;
				DEBUG_INFORMATION_FORMAT = dwarf;
				ENABLE_STRICT_OBJC_MSGSEND = YES;
				ENABLE_TESTABILITY = YES;
				GCC_C_LANGUAGE_STANDARD = gnu11;
				GCC_DYNAMIC_NO_PIC = NO;
				GCC_NO_COMMON_BLOCKS = YES;
				GCC_OPTIMIZATION_LEVEL = 0;
				GCC_PREPROCESSOR_DEFINITIONS = (
					"DEBUG=1",
					"$(inherited)",
				);
				GCC_WARN_64_TO_32_BIT_CONVERSION = YES;
				GCC_WARN_ABOUT_RETURN_TYPE = YES_ERROR;
				GCC_WARN_UNDECLARED_SELECTOR = YES;
				GCC_WARN_UNINITIALIZED_AUTOS = YES_AGGRESSIVE;
				GCC_WARN_UNUSED_FUNCTION = YES;
				GCC_WARN_UNUSED_VARIABLE = YES;
				IPHONEOS_DEPLOYMENT_TARGET = 13.2;
				MTL_ENABLE_DEBUG_INFO = INCLUDE_SOURCE;
				MTL_FAST_MATH = YES;
				ONLY_ACTIVE_ARCH = YES;
				SDKROOT = iphoneos;
				SWIFT_ACTIVE_COMPILATION_CONDITIONS = DEBUG;
				SWIFT_OPTIMIZATION_LEVEL = "-Onone";
			};
			name = Debug;
		};
		84A675B0244BA3C800F5FEB9 /* Release */ = {
			isa = XCBuildConfiguration;
			buildSettings = {
				ALWAYS_SEARCH_USER_PATHS = NO;
				CLANG_ANALYZER_NONNULL = YES;
				CLANG_ANALYZER_NUMBER_OBJECT_CONVERSION = YES_AGGRESSIVE;
				CLANG_CXX_LANGUAGE_STANDARD = "gnu++14";
				CLANG_CXX_LIBRARY = "libc++";
				CLANG_ENABLE_MODULES = YES;
				CLANG_ENABLE_OBJC_ARC = YES;
				CLANG_ENABLE_OBJC_WEAK = YES;
				CLANG_WARN_BLOCK_CAPTURE_AUTORELEASING = YES;
				CLANG_WARN_BOOL_CONVERSION = YES;
				CLANG_WARN_COMMA = YES;
				CLANG_WARN_CONSTANT_CONVERSION = YES;
				CLANG_WARN_DEPRECATED_OBJC_IMPLEMENTATIONS = YES;
				CLANG_WARN_DIRECT_OBJC_ISA_USAGE = YES_ERROR;
				CLANG_WARN_DOCUMENTATION_COMMENTS = YES;
				CLANG_WARN_EMPTY_BODY = YES;
				CLANG_WARN_ENUM_CONVERSION = YES;
				CLANG_WARN_INFINITE_RECURSION = YES;
				CLANG_WARN_INT_CONVERSION = YES;
				CLANG_WARN_NON_LITERAL_NULL_CONVERSION = YES;
				CLANG_WARN_OBJC_IMPLICIT_RETAIN_SELF = YES;
				CLANG_WARN_OBJC_LITERAL_CONVERSION = YES;
				CLANG_WARN_OBJC_ROOT_CLASS = YES_ERROR;
				CLANG_WARN_RANGE_LOOP_ANALYSIS = YES;
				CLANG_WARN_STRICT_PROTOTYPES = YES;
				CLANG_WARN_SUSPICIOUS_MOVE = YES;
				CLANG_WARN_UNGUARDED_AVAILABILITY = YES_AGGRESSIVE;
				CLANG_WARN_UNREACHABLE_CODE = YES;
				CLANG_WARN__DUPLICATE_METHOD_MATCH = YES;
				COPY_PHASE_STRIP = NO;
				DEBUG_INFORMATION_FORMAT = "dwarf-with-dsym";
				ENABLE_NS_ASSERTIONS = NO;
				ENABLE_STRICT_OBJC_MSGSEND = YES;
				GCC_C_LANGUAGE_STANDARD = gnu11;
				GCC_NO_COMMON_BLOCKS = YES;
				GCC_WARN_64_TO_32_BIT_CONVERSION = YES;
				GCC_WARN_ABOUT_RETURN_TYPE = YES_ERROR;
				GCC_WARN_UNDECLARED_SELECTOR = YES;
				GCC_WARN_UNINITIALIZED_AUTOS = YES_AGGRESSIVE;
				GCC_WARN_UNUSED_FUNCTION = YES;
				GCC_WARN_UNUSED_VARIABLE = YES;
				IPHONEOS_DEPLOYMENT_TARGET = 13.2;
				MTL_ENABLE_DEBUG_INFO = NO;
				MTL_FAST_MATH = YES;
				SDKROOT = iphoneos;
				SWIFT_COMPILATION_MODE = wholemodule;
				SWIFT_OPTIMIZATION_LEVEL = "-O";
				VALIDATE_PRODUCT = YES;
			};
			name = Release;
		};
		84A675B2244BA3C800F5FEB9 /* Debug */ = {
			isa = XCBuildConfiguration;
			baseConfigurationReference = F728160B7E9A7183891F9443 /* Pods-Test KeychainSwiftX.debug.xcconfig */;
			buildSettings = {
				ASSETCATALOG_COMPILER_APPICON_NAME = AppIcon;
				CODE_SIGN_STYLE = Automatic;
				DEVELOPMENT_TEAM = 3LAX6L7LB4;
				INFOPLIST_FILE = "Test KeychainSwiftX/Info.plist";
				LD_RUNPATH_SEARCH_PATHS = (
					"$(inherited)",
					"@executable_path/Frameworks",
				);
				PRODUCT_BUNDLE_IDENTIFIER = "com.amr.Test-KeychainSwiftX";
				PRODUCT_NAME = "$(TARGET_NAME)";
				SWIFT_VERSION = 5.0;
				TARGETED_DEVICE_FAMILY = "1,2";
			};
			name = Debug;
		};
		84A675B3244BA3C800F5FEB9 /* Release */ = {
			isa = XCBuildConfiguration;
			baseConfigurationReference = 7E51912579FF688CAA51B5ED /* Pods-Test KeychainSwiftX.release.xcconfig */;
			buildSettings = {
				ASSETCATALOG_COMPILER_APPICON_NAME = AppIcon;
				CODE_SIGN_STYLE = Automatic;
				DEVELOPMENT_TEAM = 3LAX6L7LB4;
				INFOPLIST_FILE = "Test KeychainSwiftX/Info.plist";
				LD_RUNPATH_SEARCH_PATHS = (
					"$(inherited)",
					"@executable_path/Frameworks",
				);
				PRODUCT_BUNDLE_IDENTIFIER = "com.amr.Test-KeychainSwiftX";
				PRODUCT_NAME = "$(TARGET_NAME)";
				SWIFT_VERSION = 5.0;
				TARGETED_DEVICE_FAMILY = "1,2";
			};
			name = Release;
		};
/* End XCBuildConfiguration section */

/* Begin XCConfigurationList section */
		84A67598244BA3C700F5FEB9 /* Build configuration list for PBXProject "Test KeychainSwiftX" */ = {
			isa = XCConfigurationList;
			buildConfigurations = (
				84A675AF244BA3C800F5FEB9 /* Debug */,
				84A675B0244BA3C800F5FEB9 /* Release */,
			);
			defaultConfigurationIsVisible = 0;
			defaultConfigurationName = Release;
		};
		84A675B1244BA3C800F5FEB9 /* Build configuration list for PBXNativeTarget "Test KeychainSwiftX" */ = {
			isa = XCConfigurationList;
			buildConfigurations = (
				84A675B2244BA3C800F5FEB9 /* Debug */,
				84A675B3244BA3C800F5FEB9 /* Release */,
			);
			defaultConfigurationIsVisible = 0;
			defaultConfigurationName = Release;
		};
/* End XCConfigurationList section */
	};
	rootObject = 84A67595244BA3C700F5FEB9 /* Project object */;
}
